
Microsoft Visual Studio Solution File, Format Version 12.00
Project("{2150E333-8FDC-42A3-9474-1A3956D46DE8}") = "src", "src", "{D3050792-44D4-4AB1-9BA3-36AF6E3F6E06}"
EndProject
Project("{FAE04EC0-301F-11D3-BF4B-00C04F79EFBC}") = "Elwark.EventBus.Logging.EF", "src\Elwark.EventBus.Logging.EF\Elwark.EventBus.Logging.EF.csproj", "{5EBF6114-11C5-43EB-B1BD-0DA884126310}"
EndProject
Project("{FAE04EC0-301F-11D3-BF4B-00C04F79EFBC}") = "Elwark.EventBus.RabbitMQ", "src\Elwark.EventBus.RabbitMQ\Elwark.EventBus.RabbitMQ.csproj", "{0F9A3224-B695-4992-92AE-6A03695E3391}"
EndProject
Project("{2150E333-8FDC-42A3-9474-1A3956D46DE8}") = "test", "test", "{5874A8F1-1373-4FF2-8049-A94EEF8CBA7D}"
EndProject
Project("{FAE04EC0-301F-11D3-BF4B-00C04F79EFBC}") = "Elwark.EventBus.RabbitMQ.Test", "test\Elwark.EventBus.RabbitMQ.Test\Elwark.EventBus.RabbitMQ.Test.csproj", "{2D8D6855-6606-4BA4-B722-97310CE45BE4}"
EndProject
Project("{FAE04EC0-301F-11D3-BF4B-00C04F79EFBC}") = "Elwark.EventBus", "src\Elwark.EventBus\Elwark.EventBus.csproj", "{87BA5802-290B-45E2-B850-83BD263EE39B}"
EndProject
Project("{2150E333-8FDC-42A3-9474-1A3956D46DE8}") = "sample", "sample", "{10A0EC3E-6835-40A2-8238-36C8158931EF}"
EndProject
Project("{FAE04EC0-301F-11D3-BF4B-00C04F79EFBC}") = "Elwark.EventBus.Sample", "sample\Elwark.EventBus.Sample\Elwark.EventBus.Sample.csproj", "{EABA9226-3832-4B93-9CB7-1FE8B003176D}"
EndProject
Global
	GlobalSection(SolutionConfigurationPlatforms) = preSolution
		Debug|Any CPU = Debug|Any CPU
		Release|Any CPU = Release|Any CPU
	EndGlobalSection
	GlobalSection(ProjectConfigurationPlatforms) = postSolution
		{5EBF6114-11C5-43EB-B1BD-0DA884126310}.Debug|Any CPU.ActiveCfg = Debug|Any CPU
		{5EBF6114-11C5-43EB-B1BD-0DA884126310}.Debug|Any CPU.Build.0 = Debug|Any CPU
		{5EBF6114-11C5-43EB-B1BD-0DA884126310}.Release|Any CPU.ActiveCfg = Release|Any CPU
		{5EBF6114-11C5-43EB-B1BD-0DA884126310}.Release|Any CPU.Build.0 = Release|Any CPU
		{0F9A3224-B695-4992-92AE-6A03695E3391}.Debug|Any CPU.ActiveCfg = Debug|Any CPU
		{0F9A3224-B695-4992-92AE-6A03695E3391}.Debug|Any CPU.Build.0 = Debug|Any CPU
		{0F9A3224-B695-4992-92AE-6A03695E3391}.Release|Any CPU.ActiveCfg = Release|Any CPU
		{0F9A3224-B695-4992-92AE-6A03695E3391}.Release|Any CPU.Build.0 = Release|Any CPU
		{2D8D6855-6606-4BA4-B722-97310CE45BE4}.Debug|Any CPU.ActiveCfg = Debug|Any CPU
		{2D8D6855-6606-4BA4-B722-97310CE45BE4}.Debug|Any CPU.Build.0 = Debug|Any CPU
		{2D8D6855-6606-4BA4-B722-97310CE45BE4}.Release|Any CPU.ActiveCfg = Release|Any CPU
		{2D8D6855-6606-4BA4-B722-97310CE45BE4}.Release|Any CPU.Build.0 = Release|Any CPU
		{87BA5802-290B-45E2-B850-83BD263EE39B}.Debug|Any CPU.ActiveCfg = Debug|Any CPU
		{87BA5802-290B-45E2-B850-83BD263EE39B}.Debug|Any CPU.Build.0 = Debug|Any CPU
		{87BA5802-290B-45E2-B850-83BD263EE39B}.Release|Any CPU.ActiveCfg = Release|Any CPU
		{87BA5802-290B-45E2-B850-83BD263EE39B}.Release|Any CPU.Build.0 = Release|Any CPU
		{EABA9226-3832-4B93-9CB7-1FE8B003176D}.Debug|Any CPU.ActiveCfg = Debug|Any CPU
		{EABA9226-3832-4B93-9CB7-1FE8B003176D}.Debug|Any CPU.Build.0 = Debug|Any CPU
		{EABA9226-3832-4B93-9CB7-1FE8B003176D}.Release|Any CPU.ActiveCfg = Release|Any CPU
		{EABA9226-3832-4B93-9CB7-1FE8B003176D}.Release|Any CPU.Build.0 = Release|Any CPU
	EndGlobalSection
	GlobalSection(NestedProjects) = preSolution
		{5EBF6114-11C5-43EB-B1BD-0DA884126310} = {D3050792-44D4-4AB1-9BA3-36AF6E3F6E06}
		{0F9A3224-B695-4992-92AE-6A03695E3391} = {D3050792-44D4-4AB1-9BA3-36AF6E3F6E06}
		{2D8D6855-6606-4BA4-B722-97310CE45BE4} = {5874A8F1-1373-4FF2-8049-A94EEF8CBA7D}
		{87BA5802-290B-45E2-B850-83BD263EE39B} = {D3050792-44D4-4AB1-9BA3-36AF6E3F6E06}
		{EABA9226-3832-4B93-9CB7-1FE8B003176D} = {10A0EC3E-6835-40A2-8238-36C8158931EF}
	EndGlobalSection
EndGlobal
